
Microsoft Visual Studio Solution File, Format Version 12.00
# Visual Studio Version 17
VisualStudioVersion = 17.11.35222.181
MinimumVisualStudioVersion = 10.0.40219.1
Project("{FAE04EC0-301F-11D3-BF4B-00C04F79EFBC}") = "ReliableTransport", "ReliableTransport\ReliableTransport.csproj", "{396DE8FC-7D5F-4C81-A5DC-9060B2114380}"
EndProject
Project("{FAE04EC0-301F-11D3-BF4B-00C04F79EFBC}") = "Server", "Server\Server.csproj", "{8B81F723-A322-4249-96EA-7430129CC90B}"
EndProject
Project("{FAE04EC0-301F-11D3-BF4B-00C04F79EFBC}") = "Client", "Client\Client.csproj", "{8E099F9F-40C0-44A7-8774-5C58CF615291}"
EndProject
Global
	GlobalSection(SolutionConfigurationPlatforms) = preSolution
		Debug|Any CPU = Debug|Any CPU
		Release|Any CPU = Release|Any CPU
	EndGlobalSection
	GlobalSection(ProjectConfigurationPlatforms) = postSolution
		{396DE8FC-7D5F-4C81-A5DC-9060B2114380}.Debug|Any CPU.ActiveCfg = Debug|Any CPU
		{396DE8FC-7D5F-4C81-A5DC-9060B2114380}.Debug|Any CPU.Build.0 = Debug|Any CPU
		{396DE8FC-7D5F-4C81-A5DC-9060B2114380}.Release|Any CPU.ActiveCfg = Release|Any CPU
		{396DE8FC-7D5F-4C81-A5DC-9060B2114380}.Release|Any CPU.Build.0 = Release|Any CPU
		{8B81F723-A322-4249-96EA-7430129CC90B}.Debug|Any CPU.ActiveCfg = Debug|Any CPU
		{8B81F723-A322-4249-96EA-7430129CC90B}.Debug|Any CPU.Build.0 = Debug|Any CPU
		{8B81F723-A322-4249-96EA-7430129CC90B}.Release|Any CPU.ActiveCfg = Release|Any CPU
		{8B81F723-A322-4249-96EA-7430129CC90B}.Release|Any CPU.Build.0 = Release|Any CPU
		{8E099F9F-40C0-44A7-8774-5C58CF615291}.Debug|Any CPU.ActiveCfg = Debug|Any CPU
		{8E099F9F-40C0-44A7-8774-5C58CF615291}.Debug|Any CPU.Build.0 = Debug|Any CPU
		{8E099F9F-40C0-44A7-8774-5C58CF615291}.Release|Any CPU.ActiveCfg = Release|Any CPU
		{8E099F9F-40C0-44A7-8774-5C58CF615291}.Release|Any CPU.Build.0 = Release|Any CPU
	EndGlobalSection
	GlobalSection(SolutionProperties) = preSolution
		HideSolutionNode = FALSE
	EndGlobalSection
	GlobalSection(ExtensibilityGlobals) = postSolution
		SolutionGuid = {32262F74-A389-4907-A9FD-4B516B59EB5B}
	EndGlobalSection
EndGlobal
